
Microsoft Visual Studio Solution File, Format Version 12.00
# Visual Studio 15
VisualStudioVersion = 15.0.27703.2026
MinimumVisualStudioVersion = 10.0.40219.1
Project("{FAE04EC0-301F-11D3-BF4B-00C04F79EFBC}") = "PosUP-CloudComputing-WinApp", "PosUP-CloudComputing-WinApp\PosUP-CloudComputing-WinApp.csproj", "{27E5D439-9879-4E94-9B0B-DB6066A3227D}"
EndProject
Project("{FAE04EC0-301F-11D3-BF4B-00C04F79EFBC}") = "PosUP-CloudComputing-WebAPIDotNET", "PosUP-CloudComputing-WebAPIDotNET\PosUP-CloudComputing-WebAPIDotNET.csproj", "{C67FFEE0-53C5-4696-A935-8A31CCF28336}"
EndProject
Project("{FAE04EC0-301F-11D3-BF4B-00C04F79EFBC}") = "PosUP-CloudComputing-WebAPIDotNetCore", "PosUP-CloudComputing-WebAPIDotNetCore\PosUP-CloudComputing-WebAPIDotNetCore.csproj", "{BEF6826A-1869-4CC7-9215-ACE2EB71543E}"
EndProject
Global
	GlobalSection(SolutionConfigurationPlatforms) = preSolution
		Debug|Any CPU = Debug|Any CPU
		Debug|ARM = Debug|ARM
		Debug|x64 = Debug|x64
		Debug|x86 = Debug|x86
		Release|Any CPU = Release|Any CPU
		Release|ARM = Release|ARM
		Release|x64 = Release|x64
		Release|x86 = Release|x86
	EndGlobalSection
	GlobalSection(ProjectConfigurationPlatforms) = postSolution
		{27E5D439-9879-4E94-9B0B-DB6066A3227D}.Debug|Any CPU.ActiveCfg = Debug|x86
		{27E5D439-9879-4E94-9B0B-DB6066A3227D}.Debug|Any CPU.Build.0 = Debug|x86
		{27E5D439-9879-4E94-9B0B-DB6066A3227D}.Debug|Any CPU.Deploy.0 = Debug|x86
		{27E5D439-9879-4E94-9B0B-DB6066A3227D}.Debug|ARM.ActiveCfg = Debug|ARM
		{27E5D439-9879-4E94-9B0B-DB6066A3227D}.Debug|ARM.Build.0 = Debug|ARM
		{27E5D439-9879-4E94-9B0B-DB6066A3227D}.Debug|ARM.Deploy.0 = Debug|ARM
		{27E5D439-9879-4E94-9B0B-DB6066A3227D}.Debug|x64.ActiveCfg = Debug|x64
		{27E5D439-9879-4E94-9B0B-DB6066A3227D}.Debug|x64.Build.0 = Debug|x64
		{27E5D439-9879-4E94-9B0B-DB6066A3227D}.Debug|x64.Deploy.0 = Debug|x64
		{27E5D439-9879-4E94-9B0B-DB6066A3227D}.Debug|x86.ActiveCfg = Debug|x86
		{27E5D439-9879-4E94-9B0B-DB6066A3227D}.Debug|x86.Build.0 = Debug|x86
		{27E5D439-9879-4E94-9B0B-DB6066A3227D}.Debug|x86.Deploy.0 = Debug|x86
		{27E5D439-9879-4E94-9B0B-DB6066A3227D}.Release|Any CPU.ActiveCfg = Release|x86
		{27E5D439-9879-4E94-9B0B-DB6066A3227D}.Release|ARM.ActiveCfg = Release|ARM
		{27E5D439-9879-4E94-9B0B-DB6066A3227D}.Release|ARM.Build.0 = Release|ARM
		{27E5D439-9879-4E94-9B0B-DB6066A3227D}.Release|ARM.Deploy.0 = Release|ARM
		{27E5D439-9879-4E94-9B0B-DB6066A3227D}.Release|x64.ActiveCfg = Release|x64
		{27E5D439-9879-4E94-9B0B-DB6066A3227D}.Release|x64.Build.0 = Release|x64
		{27E5D439-9879-4E94-9B0B-DB6066A3227D}.Release|x64.Deploy.0 = Release|x64
		{27E5D439-9879-4E94-9B0B-DB6066A3227D}.Release|x86.ActiveCfg = Release|x86
		{27E5D439-9879-4E94-9B0B-DB6066A3227D}.Release|x86.Build.0 = Release|x86
		{27E5D439-9879-4E94-9B0B-DB6066A3227D}.Release|x86.Deploy.0 = Release|x86
		{C67FFEE0-53C5-4696-A935-8A31CCF28336}.Debug|Any CPU.ActiveCfg = Debug|Any CPU
		{C67FFEE0-53C5-4696-A935-8A31CCF28336}.Debug|Any CPU.Build.0 = Debug|Any CPU
		{C67FFEE0-53C5-4696-A935-8A31CCF28336}.Debug|ARM.ActiveCfg = Debug|Any CPU
		{C67FFEE0-53C5-4696-A935-8A31CCF28336}.Debug|ARM.Build.0 = Debug|Any CPU
		{C67FFEE0-53C5-4696-A935-8A31CCF28336}.Debug|x64.ActiveCfg = Debug|Any CPU
		{C67FFEE0-53C5-4696-A935-8A31CCF28336}.Debug|x64.Build.0 = Debug|Any CPU
		{C67FFEE0-53C5-4696-A935-8A31CCF28336}.Debug|x86.ActiveCfg = Debug|Any CPU
		{C67FFEE0-53C5-4696-A935-8A31CCF28336}.Debug|x86.Build.0 = Debug|Any CPU
		{C67FFEE0-53C5-4696-A935-8A31CCF28336}.Release|Any CPU.ActiveCfg = Release|Any CPU
		{C67FFEE0-53C5-4696-A935-8A31CCF28336}.Release|Any CPU.Build.0 = Release|Any CPU
		{C67FFEE0-53C5-4696-A935-8A31CCF28336}.Release|ARM.ActiveCfg = Release|Any CPU
		{C67FFEE0-53C5-4696-A935-8A31CCF28336}.Release|ARM.Build.0 = Release|Any CPU
		{C67FFEE0-53C5-4696-A935-8A31CCF28336}.Release|x64.ActiveCfg = Release|Any CPU
		{C67FFEE0-53C5-4696-A935-8A31CCF28336}.Release|x64.Build.0 = Release|Any CPU
		{C67FFEE0-53C5-4696-A935-8A31CCF28336}.Release|x86.ActiveCfg = Release|Any CPU
		{C67FFEE0-53C5-4696-A935-8A31CCF28336}.Release|x86.Build.0 = Release|Any CPU
		{BEF6826A-1869-4CC7-9215-ACE2EB71543E}.Debug|Any CPU.ActiveCfg = Debug|Any CPU
		{BEF6826A-1869-4CC7-9215-ACE2EB71543E}.Debug|Any CPU.Build.0 = Debug|Any CPU
		{BEF6826A-1869-4CC7-9215-ACE2EB71543E}.Debug|ARM.ActiveCfg = Debug|Any CPU
		{BEF6826A-1869-4CC7-9215-ACE2EB71543E}.Debug|ARM.Build.0 = Debug|Any CPU
		{BEF6826A-1869-4CC7-9215-ACE2EB71543E}.Debug|x64.ActiveCfg = Debug|Any CPU
		{BEF6826A-1869-4CC7-9215-ACE2EB71543E}.Debug|x64.Build.0 = Debug|Any CPU
		{BEF6826A-1869-4CC7-9215-ACE2EB71543E}.Debug|x86.ActiveCfg = Debug|Any CPU
		{BEF6826A-1869-4CC7-9215-ACE2EB71543E}.Debug|x86.Build.0 = Debug|Any CPU
		{BEF6826A-1869-4CC7-9215-ACE2EB71543E}.Release|Any CPU.ActiveCfg = Release|Any CPU
		{BEF6826A-1869-4CC7-9215-ACE2EB71543E}.Release|Any CPU.Build.0 = Release|Any CPU
		{BEF6826A-1869-4CC7-9215-ACE2EB71543E}.Release|ARM.ActiveCfg = Release|Any CPU
		{BEF6826A-1869-4CC7-9215-ACE2EB71543E}.Release|ARM.Build.0 = Release|Any CPU
		{BEF6826A-1869-4CC7-9215-ACE2EB71543E}.Release|x64.ActiveCfg = Release|Any CPU
		{BEF6826A-1869-4CC7-9215-ACE2EB71543E}.Release|x64.Build.0 = Release|Any CPU
		{BEF6826A-1869-4CC7-9215-ACE2EB71543E}.Release|x86.ActiveCfg = Release|Any CPU
		{BEF6826A-1869-4CC7-9215-ACE2EB71543E}.Release|x86.Build.0 = Release|Any CPU
	EndGlobalSection
	GlobalSection(SolutionProperties) = preSolution
		HideSolutionNode = FALSE
	EndGlobalSection
	GlobalSection(ExtensibilityGlobals) = postSolution
		SolutionGuid = {E873CC78-6404-4BAB-8809-F96852C1D98A}
	EndGlobalSection
EndGlobal
